
Microsoft Visual Studio Solution File, Format Version 12.00
Project("{FAE04EC0-301F-11D3-BF4B-00C04F79EFBC}") = "Domain", "Domain\Domain.csproj", "{D1C3CE48-100E-4AAF-BB60-A00D24DDE7BA}"
EndProject
Project("{FAE04EC0-301F-11D3-BF4B-00C04F79EFBC}") = "Infrastructure", "Infrastructure\Infrastructure.csproj", "{5DFDD3A8-F73F-47FF-9966-5EF447080F68}"
EndProject
Project("{FAE04EC0-301F-11D3-BF4B-00C04F79EFBC}") = "Application", "Application\Application.csproj", "{8082C533-40A8-47DC-9E9C-3BA3040CED17}"
EndProject
Project("{FAE04EC0-301F-11D3-BF4B-00C04F79EFBC}") = "API", "API\API.csproj", "{D3F62019-80F2-4ABC-AD34-9A431796F388}"
EndProject
Project("{FAE04EC0-301F-11D3-BF4B-00C04F79EFBC}") = "Api.Tests.Integration", "Api.Tests.Integration\Api.Tests.Integration.csproj", "{816789BD-E260-4EB8-BFEE-7370AA6537DC}"
EndProject
Project("{FAE04EC0-301F-11D3-BF4B-00C04F79EFBC}") = "Tests.Data", "Tests.Data\Tests.Data.csproj", "{24A34572-1D93-4C57-8DBE-5B281220E93E}"
EndProject
Project("{FAE04EC0-301F-11D3-BF4B-00C04F79EFBC}") = "Tests.Common", "Tests.Common\Tests.Common.csproj", "{9D34AFBE-2C0A-4A90-AF56-BA408C5B4076}"
EndProject
Global
	GlobalSection(SolutionConfigurationPlatforms) = preSolution
		Debug|Any CPU = Debug|Any CPU
		Release|Any CPU = Release|Any CPU
	EndGlobalSection
	GlobalSection(ProjectConfigurationPlatforms) = postSolution
		{D1C3CE48-100E-4AAF-BB60-A00D24DDE7BA}.Debug|Any CPU.ActiveCfg = Debug|Any CPU
		{D1C3CE48-100E-4AAF-BB60-A00D24DDE7BA}.Debug|Any CPU.Build.0 = Debug|Any CPU
		{D1C3CE48-100E-4AAF-BB60-A00D24DDE7BA}.Release|Any CPU.ActiveCfg = Release|Any CPU
		{D1C3CE48-100E-4AAF-BB60-A00D24DDE7BA}.Release|Any CPU.Build.0 = Release|Any CPU
		{5DFDD3A8-F73F-47FF-9966-5EF447080F68}.Debug|Any CPU.ActiveCfg = Debug|Any CPU
		{5DFDD3A8-F73F-47FF-9966-5EF447080F68}.Debug|Any CPU.Build.0 = Debug|Any CPU
		{5DFDD3A8-F73F-47FF-9966-5EF447080F68}.Release|Any CPU.ActiveCfg = Release|Any CPU
		{5DFDD3A8-F73F-47FF-9966-5EF447080F68}.Release|Any CPU.Build.0 = Release|Any CPU
		{8082C533-40A8-47DC-9E9C-3BA3040CED17}.Debug|Any CPU.ActiveCfg = Debug|Any CPU
		{8082C533-40A8-47DC-9E9C-3BA3040CED17}.Debug|Any CPU.Build.0 = Debug|Any CPU
		{8082C533-40A8-47DC-9E9C-3BA3040CED17}.Release|Any CPU.ActiveCfg = Release|Any CPU
		{8082C533-40A8-47DC-9E9C-3BA3040CED17}.Release|Any CPU.Build.0 = Release|Any CPU
		{D3F62019-80F2-4ABC-AD34-9A431796F388}.Debug|Any CPU.ActiveCfg = Debug|Any CPU
		{D3F62019-80F2-4ABC-AD34-9A431796F388}.Debug|Any CPU.Build.0 = Debug|Any CPU
		{D3F62019-80F2-4ABC-AD34-9A431796F388}.Release|Any CPU.ActiveCfg = Release|Any CPU
		{D3F62019-80F2-4ABC-AD34-9A431796F388}.Release|Any CPU.Build.0 = Release|Any CPU
		{816789BD-E260-4EB8-BFEE-7370AA6537DC}.Debug|Any CPU.ActiveCfg = Debug|Any CPU
		{816789BD-E260-4EB8-BFEE-7370AA6537DC}.Debug|Any CPU.Build.0 = Debug|Any CPU
		{816789BD-E260-4EB8-BFEE-7370AA6537DC}.Release|Any CPU.ActiveCfg = Release|Any CPU
		{816789BD-E260-4EB8-BFEE-7370AA6537DC}.Release|Any CPU.Build.0 = Release|Any CPU
		{24A34572-1D93-4C57-8DBE-5B281220E93E}.Debug|Any CPU.ActiveCfg = Debug|Any CPU
		{24A34572-1D93-4C57-8DBE-5B281220E93E}.Debug|Any CPU.Build.0 = Debug|Any CPU
		{24A34572-1D93-4C57-8DBE-5B281220E93E}.Release|Any CPU.ActiveCfg = Release|Any CPU
		{24A34572-1D93-4C57-8DBE-5B281220E93E}.Release|Any CPU.Build.0 = Release|Any CPU
		{9D34AFBE-2C0A-4A90-AF56-BA408C5B4076}.Debug|Any CPU.ActiveCfg = Debug|Any CPU
		{9D34AFBE-2C0A-4A90-AF56-BA408C5B4076}.Debug|Any CPU.Build.0 = Debug|Any CPU
		{9D34AFBE-2C0A-4A90-AF56-BA408C5B4076}.Release|Any CPU.ActiveCfg = Release|Any CPU
		{9D34AFBE-2C0A-4A90-AF56-BA408C5B4076}.Release|Any CPU.Build.0 = Release|Any CPU
	EndGlobalSection
EndGlobal
